
Microsoft Visual Studio Solution File, Format Version 12.00
# Visual Studio Version 17
VisualStudioVersion = 17.1.32414.318
MinimumVisualStudioVersion = 10.0.40219.1
Project("{FAE04EC0-301F-11D3-BF4B-00C04F79EFBC}") = "WinFormsApp1", "WinFormsApp1.csproj", "{C1E12987-08BC-4DE1-B61E-24667BE9CE47}"
EndProject
Global
	GlobalSection(SolutionConfigurationPlatforms) = preSolution
		Debug|Any CPU = Debug|Any CPU
		Release|Any CPU = Release|Any CPU
	EndGlobalSection
	GlobalSection(ProjectConfigurationPlatforms) = postSolution
		{C1E12987-08BC-4DE1-B61E-24667BE9CE47}.Debug|Any CPU.ActiveCfg = Debug|Any CPU
		{C1E12987-08BC-4DE1-B61E-24667BE9CE47}.Debug|Any CPU.Build.0 = Debug|Any CPU
		{C1E12987-08BC-4DE1-B61E-24667BE9CE47}.Release|Any CPU.ActiveCfg = Release|Any CPU
		{C1E12987-08BC-4DE1-B61E-24667BE9CE47}.Release|Any CPU.Build.0 = Release|Any CPU
	EndGlobalSection
	GlobalSection(SolutionProperties) = preSolution
		HideSolutionNode = FALSE
	EndGlobalSection
	GlobalSection(ExtensibilityGlobals) = postSolution
		SolutionGuid = {EB5A8111-9252-4EF7-A7D9-853E3A210B94}
	EndGlobalSection
EndGlobal
